github.com/Sirupsen/logrus v0.8.6-0.20150724014903-11538ee6888f h1:dPVEF6h8MfU+Ujc96iuvW6qZlbvz+P0z/82+svT0LqE=
github.com/Sirupsen/logrus v0.8.6-0.20150724014903-11538ee6888f/go.mod h1:rmk17hk6i8ZSAJkSDa7nOxamrG+SP4P0mm+DAvExv4U=
github.com/alecthomas/template v0.0.0-20150530000104-b867cc6ab45c h1:WuIar4doi9p1AKcJ3oDihD5JFxEMj2sxLCQsdx4DxGo=
github.com/alecthomas/template v0.0.0-20150530000104-b867cc6ab45c/go.mod h1:LOuyumcjzFXgccqObfd/Ljyb9UuFJ6TxHnclSeseNhc=
github.com/alecthomas/units v0.0.0-20150109002421-6b4e7dc5e314 h1:NWdGjCRUTTqEqDwJRojRLiwXDW1ZJM2DSiyGfBWx874=
github.com/alecthomas/units v0.0.0-20150109002421-6b4e7dc5e314/go.mod h1:ybxpYRFXyAe+OPACYpWeL0wqObRcbAqCMya13uyzqw0=
github.com/nfnt/resize v0.0.0-20150527085445-dc93e1b98c57 h1:gOGbiN1Zc9B9d4dGmoAVBPsPgvj3MrV9IsgEx2H7vA8=
github.com/nfnt/resize v0.0.0-20150527085445-dc93e1b98c57/go.mod h1:jpp1/29i3P1S/RLdc7JQKbRpFeM1dOBd8T9ki5s+AY8=
github.com/stretchr/objx v0.0.0-20140526180921-cbeaeb16a013 h1:lg5xphrNMF4T2GfLhtXOhFrTn5ZmPRUOWXvCLOattFY=
github.com/stretchr/objx v0.0.0-20140526180921-cbeaeb16a013/go.mod h1:HFkY916IF+rwdDfMAkV7OtwuqBVzrE8GR6GFx+wExME=
github.com/stretchr/testify v0.0.0-20150527144555-232e8563676c h1:K56CZP/W9Pm5E3ypakxzGPHfgy+kH3qbGPl+2BZ3o60=
github.com/stretchr/testify v0.0.0-20150527144555-232e8563676c/go.mod h1:a8OnRcib4nhh0OaRAV+Yts87kKdq0PP7pXfy6kDkUVs=
gopkg.in/alecthomas/kingpin.v2 v2.0.11 h1:p50zoe0Lq83ysgLcB548T0ssKEtduYLcalSuw080V4s=
gopkg.in/alecthomas/kingpin.v2 v2.0.11/go.mod h1:FMv+mEhP44yOT+4EoQTLFTRgOQ1FBLkstjWtayDeSgw=
gopkg.in/check.v1 v1.0.0-20150729080431-11d3bc7aa68e h1:JtWdhHNtgJXfJZ0eKEDfUyTNb4xyfleMvenLsMSXaDo=
gopkg.in/check.v1 v1.0.0-20150729080431-11d3bc7aa68e/go.mod h1:Co6ibVJAznAaIkqp8huTwlJQCZ016jof/cbN4VW5Yz0=
gopkg.in/yaml.v2 v2.0.0-20150519104233-c1cd2254a6dd h1:ae3xQ10+LzEns74Eh69iS8M3WRlBPisRZPJna1ZC4Nw=
gopkg.in/yaml.v2 v2.0.0-20150519104233-c1cd2254a6dd/go.mod h1:JAlM8MvJe8wmxCU4Bli9HhUf9+ttbYbLASfIpnQbh74=
